
Microsoft Visual Studio Solution File, Format Version 12.00
# Visual Studio 15
VisualStudioVersion = 15.0.28307.572
MinimumVisualStudioVersion = 10.0.40219.1
Project("{FAE04EC0-301F-11D3-BF4B-00C04F79EFBC}") = "StringValidationApp", "ConsoleApp4\StringValidationApp.csproj", "{5D76CCEE-B3EF-43D1-B825-17153642DBCC}"
EndProject
Global
	GlobalSection(SolutionConfigurationPlatforms) = preSolution
		Debug|Any CPU = Debug|Any CPU
		Release|Any CPU = Release|Any CPU
	EndGlobalSection
	GlobalSection(ProjectConfigurationPlatforms) = postSolution
		{5D76CCEE-B3EF-43D1-B825-17153642DBCC}.Debug|Any CPU.ActiveCfg = Debug|Any CPU
		{5D76CCEE-B3EF-43D1-B825-17153642DBCC}.Debug|Any CPU.Build.0 = Debug|Any CPU
		{5D76CCEE-B3EF-43D1-B825-17153642DBCC}.Release|Any CPU.ActiveCfg = Release|Any CPU
		{5D76CCEE-B3EF-43D1-B825-17153642DBCC}.Release|Any CPU.Build.0 = Release|Any CPU
	EndGlobalSection
	GlobalSection(SolutionProperties) = preSolution
		HideSolutionNode = FALSE
	EndGlobalSection
	GlobalSection(ExtensibilityGlobals) = postSolution
		SolutionGuid = {4B0A40C7-40E0-4DA9-9C67-1DFDA51EE21A}
	EndGlobalSection
EndGlobal
